// !$*UTF8*$!
{
	archiveVersion = 1;
	classes = {
	};
	objectVersion = 46;
	objects = {

/* Begin PBXBuildFile section */
		6D87D0051C3C46770039896F /* main.m in Sources */ = {isa = PBXBuildFile; fileRef = 6D87D0041C3C46770039896F /* main.m */; };
		6D87D0081C3C46770039896F /* AppDelegate.m in Sources */ = {isa = PBXBuildFile; fileRef = 6D87D0071C3C46770039896F /* AppDelegate.m */; };
		6D87D00B1C3C46770039896F /* ViewController.m in Sources */ = {isa = PBXBuildFile; fileRef = 6D87D00A1C3C46770039896F /* ViewController.m */; };
		6D87D00E1C3C46770039896F /* Main.storyboard in Resources */ = {isa = PBXBuildFile; fileRef = 6D87D00C1C3C46770039896F /* Main.storyboard */; };
		6D87D0101C3C46770039896F /* Assets.xcassets in Resources */ = {isa = PBXBuildFile; fileRef = 6D87D00F1C3C46770039896F /* Assets.xcassets */; };
		6D87D0131C3C46770039896F /* LaunchScreen.storyboard in Resources */ = {isa = PBXBuildFile; fileRef = 6D87D0111C3C46770039896F /* LaunchScreen.storyboard */; };
		6D87D01E1C3C46770039896F /* AddingGravityTests.m in Sources */ = {isa = PBXBuildFile; fileRef = 6D87D01D1C3C46770039896F /* AddingGravityTests.m */; };
		6D87D0291C3C46770039896F /* AddingGravityUITests.m in Sources */ = {isa = PBXBuildFile; fileRef = 6D87D0281C3C46770039896F /* AddingGravityUITests.m */; };
/* End PBXBuildFile section */

/* Begin PBXContainerItemProxy section */
		6D87D01A1C3C46770039896F /* PBXContainerItemProxy */ = {
			isa = PBXContainerItemProxy;
			containerPortal = 6D87CFF81C3C46770039896F /* Project object */;
			proxyType = 1;
			remoteGlobalIDString = 6D87CFFF1C3C46770039896F;
			remoteInfo = AddingGravity;
		};
		6D87D0251C3C46770039896F /* PBXContainerItemProxy */ = {
			isa = PBXContainerItemProxy;
			containerPortal = 6D87CFF81C3C46770039896F /* Project object */;
			proxyType = 1;
			remoteGlobalIDString = 6D87CFFF1C3C46770039896F;
			remoteInfo = AddingGravity;
		};
/* End PBXContainerItemProxy section */

/* Begin PBXFileReference section */
		6D87D0001C3C46770039896F /* AddingGravity.app */ = {isa = PBXFileReference; explicitFileType = wrapper.application; includeInIndex = 0; path = AddingGravity.app; sourceTree = BUILT_PRODUCTS_DIR; };
		6D87D0041C3C46770039896F /* main.m */ = {isa = PBXFileReference; lastKnownFileType = sourcecode.c.objc; path = main.m; sourceTree = "<group>"; };
		6D87D0061C3C46770039896F /* AppDelegate.h */ = {isa = PBXFileReference; lastKnownFileType = sourcecode.c.h; path = AppDelegate.h; sourceTree = "<group>"; };
		6D87D0071C3C46770039896F /* AppDelegate.m */ = {isa = PBXFileReference; lastKnownFileType = sourcecode.c.objc; path = AppDelegate.m; sourceTree = "<group>"; };
		6D87D0091C3C46770039896F /* ViewController.h */ = {isa = PBXFileReference; lastKnownFileType = sourcecode.c.h; path = ViewController.h; sourceTree = "<group>"; };
		6D87D00A1C3C46770039896F /* ViewController.m */ = {isa = PBXFileReference; lastKnownFileType = sourcecode.c.objc; path = ViewController.m; sourceTree = "<group>"; };
		6D87D00D1C3C46770039896F /* Base */ = {isa = PBXFileReference; lastKnownFileType = file.storyboard; name = Base; path = Base.lproj/Main.storyboard; sourceTree = "<group>"; };
		6D87D00F1C3C46770039896F /* Assets.xcassets */ = {isa = PBXFileReference; lastKnownFileType = folder.assetcatalog; path = Assets.xcassets; sourceTree = "<group>"; };
		6D87D0121C3C46770039896F /* Base */ = {isa = PBXFileReference; lastKnownFileType = file.storyboard; name = Base; path = Base.lproj/LaunchScreen.storyboard; sourceTree = "<group>"; };
		6D87D0141C3C46770039896F /* Info.plist */ = {isa = PBXFileReference; lastKnownFileType = text.plist.xml; path = Info.plist; sourceTree = "<group>"; };
		6D87D0191C3C46770039896F /* AddingGravityTests.xctest */ = {isa = PBXFileReference; explicitFileType = wrapper.cfbundle; includeInIndex = 0; path = AddingGravityTests.xctest; sourceTree = BUILT_PRODUCTS_DIR; };
		6D87D01D1C3C46770039896F /* AddingGravityTests.m */ = {isa = PBXFileReference; lastKnownFileType = sourcecode.c.objc; path = AddingGravityTests.m; sourceTree = "<group>"; };
		6D87D01F1C3C46770039896F /* Info.plist */ = {isa = PBXFileReference; lastKnownFileType = text.plist.xml; path = Info.plist; sourceTree = "<group>"; };
		6D87D0241C3C46770039896F /* AddingGravityUITests.xctest */ = {isa = PBXFileReference; explicitFileType = wrapper.cfbundle; includeInIndex = 0; path = AddingGravityUITests.xctest; sourceTree = BUILT_PRODUCTS_DIR; };
		6D87D0281C3C46770039896F /* AddingGravityUITests.m */ = {isa = PBXFileReference; lastKnownFileType = sourcecode.c.objc; path = AddingGravityUITests.m; sourceTree = "<group>"; };
		6D87D02A1C3C46770039896F /* Info.plist */ = {isa = PBXFileReference; lastKnownFileType = text.plist.xml; path = Info.plist; sourceTree = "<group>"; };
/* End PBXFileReference section */

/* Begin PBXFrameworksBuildPhase section */
		6D87CFFD1C3C46770039896F /* Frameworks */ = {
			isa = PBXFrameworksBuildPhase;
			buildActionMask = 2147483647;
			files = (
			);
			runOnlyForDeploymentPostprocessing = 0;
		};
		6D87D0161C3C46770039896F /* Frameworks */ = {
			isa = PBXFrameworksBuildPhase;
			buildActionMask = 2147483647;
			files = (
			);
			runOnlyForDeploymentPostprocessing = 0;
		};
		6D87D0211C3C46770039896F /* Frameworks */ = {
			isa = PBXFrameworksBuildPhase;
			buildActionMask = 2147483647;
			files = (
			);
			runOnlyForDeploymentPostprocessing = 0;
		};
/* End PBXFrameworksBuildPhase section */

/* Begin PBXGroup section */
		6D87CFF71C3C46770039896F = {
			isa = PBXGroup;
			children = (
				6D87D0021C3C46770039896F /* AddingGravity */,
				6D87D01C1C3C46770039896F /* AddingGravityTests */,
				6D87D0271C3C46770039896F /* AddingGravityUITests */,
				6D87D0011C3C46770039896F /* Products */,
			);
			sourceTree = "<group>";
		};
		6D87D0011C3C46770039896F /* Products */ = {
			isa = PBXGroup;
			children = (
				6D87D0001C3C46770039896F /* AddingGravity.app */,
				6D87D0191C3C46770039896F /* AddingGravityTests.xctest */,
				6D87D0241C3C46770039896F /* AddingGravityUITests.xctest */,
			);
			name = Products;
			sourceTree = "<group>";
		};
		6D87D0021C3C46770039896F /* AddingGravity */ = {
			isa = PBXGroup;
			children = (
				6D87D0061C3C46770039896F /* AppDelegate.h */,
				6D87D0071C3C46770039896F /* AppDelegate.m */,
				6D87D0091C3C46770039896F /* ViewController.h */,
				6D87D00A1C3C46770039896F /* ViewController.m */,
				6D87D00C1C3C46770039896F /* Main.storyboard */,
				6D87D00F1C3C46770039896F /* Assets.xcassets */,
				6D87D0111C3C46770039896F /* LaunchScreen.storyboard */,
				6D87D0141C3C46770039896F /* Info.plist */,
				6D87D0031C3C46770039896F /* Supporting Files */,
			);
			path = AddingGravity;
			sourceTree = "<group>";
		};
		6D87D0031C3C46770039896F /* Supporting Files */ = {
			isa = PBXGroup;
			children = (
				6D87D0041C3C46770039896F /* main.m */,
			);
			name = "Supporting Files";
			sourceTree = "<group>";
		};
		6D87D01C1C3C46770039896F /* AddingGravityTests */ = {
			isa = PBXGroup;
			children = (
				6D87D01D1C3C46770039896F /* AddingGravityTests.m */,
				6D87D01F1C3C46770039896F /* Info.plist */,
			);
			path = AddingGravityTests;
			sourceTree = "<group>";
		};
		6D87D0271C3C46770039896F /* AddingGravityUITests */ = {
			isa = PBXGroup;
			children = (
				6D87D0281C3C46770039896F /* AddingGravityUITests.m */,
				6D87D02A1C3C46770039896F /* Info.plist */,
			);
			path = AddingGravityUITests;
			sourceTree = "<group>";
		};
/* End PBXGroup section */

/* Begin PBXNativeTarget section */
		6D87CFFF1C3C46770039896F /* AddingGravity */ = {
			isa = PBXNativeTarget;
			buildConfigurationList = 6D87D02D1C3C46770039896F /* Build configuration list for PBXNativeTarget "AddingGravity" */;
			buildPhases = (
				6D87CFFC1C3C46770039896F /* Sources */,
				6D87CFFD1C3C46770039896F /* Frameworks */,
				6D87CFFE1C3C46770039896F /* Resources */,
			);
			buildRules = (
			);
			dependencies = (
			);
			name = AddingGravity;
			productName = AddingGravity;
			productReference = 6D87D0001C3C46770039896F /* AddingGravity.app */;
			productType = "com.apple.product-type.application";
		};
		6D87D0181C3C46770039896F /* AddingGravityTests */ = {
			isa = PBXNativeTarget;
			buildConfigurationList = 6D87D0301C3C46770039896F /* Build configuration list for PBXNativeTarget "AddingGravityTests" */;
			buildPhases = (
				6D87D0151C3C46770039896F /* Sources */,
				6D87D0161C3C46770039896F /* Frameworks */,
				6D87D0171C3C46770039896F /* Resources */,
			);
			buildRules = (
			);
			dependencies = (
				6D87D01B1C3C46770039896F /* PBXTargetDependency */,
			);
			name = AddingGravityTests;
			productName = AddingGravityTests;
			productReference = 6D87D0191C3C46770039896F /* AddingGravityTests.xctest */;
			productType = "com.apple.product-type.bundle.unit-test";
		};
		6D87D0231C3C46770039896F /* AddingGravityUITests */ = {
			isa = PBXNativeTarget;
			buildConfigurationList = 6D87D0331C3C46770039896F /* Build configuration list for PBXNativeTarget "AddingGravityUITests" */;
			buildPhases = (
				6D87D0201C3C46770039896F /* Sources */,
				6D87D0211C3C46770039896F /* Frameworks */,
				6D87D0221C3C46770039896F /* Resources */,
			);
			buildRules = (
			);
			dependencies = (
				6D87D0261C3C46770039896F /* PBXTargetDependency */,
			);
			name = AddingGravityUITests;
			productName = AddingGravityUITests;
			productReference = 6D87D0241C3C46770039896F /* AddingGravityUITests.xctest */;
			productType = "com.apple.product-type.bundle.ui-testing";
		};
/* End PBXNativeTarget section */

/* Begin PBXProject section */
		6D87CFF81C3C46770039896F /* Project object */ = {
			isa = PBXProject;
			attributes = {
				LastUpgradeCheck = 0720;
				ORGANIZATIONNAME = TCS;
				TargetAttributes = {
					6D87CFFF1C3C46770039896F = {
						CreatedOnToolsVersion = 7.2;
					};
					6D87D0181C3C46770039896F = {
						CreatedOnToolsVersion = 7.2;
						TestTargetID = 6D87CFFF1C3C46770039896F;
					};
					6D87D0231C3C46770039896F = {
						CreatedOnToolsVersion = 7.2;
						TestTargetID = 6D87CFFF1C3C46770039896F;
					};
				};
			};
			buildConfigurationList = 6D87CFFB1C3C46770039896F /* Build configuration list for PBXProject "AddingGravity" */;
			compatibilityVersion = "Xcode 3.2";
			developmentRegion = English;
			hasScannedForEncodings = 0;
			knownRegions = (
				en,
				Base,
			);
			mainGroup = 6D87CFF71C3C46770039896F;
			productRefGroup = 6D87D0011C3C46770039896F /* Products */;
			projectDirPath = "";
			projectRoot = "";
			targets = (
				6D87CFFF1C3C46770039896F /* AddingGravity */,
				6D87D0181C3C46770039896F /* AddingGravityTests */,
				6D87D0231C3C46770039896F /* AddingGravityUITests */,
			);
		};
/* End PBXProject section */

/* Begin PBXResourcesBuildPhase section */
		6D87CFFE1C3C46770039896F /* Resources */ = {
			isa = PBXResourcesBuildPhase;
			buildActionMask = 2147483647;
			files = (
				6D87D0131C3C46770039896F /* LaunchScreen.storyboard in Resources */,
				6D87D0101C3C46770039896F /* Assets.xcassets in Resources */,
				6D87D00E1C3C46770039896F /* Main.storyboard in Resources */,
			);
			runOnlyForDeploymentPostprocessing = 0;
		};
		6D87D0171C3C46770039896F /* Resources */ = {
			isa = PBXResourcesBuildPhase;
			buildActionMask = 2147483647;
			files = (
			);
			runOnlyForDeploymentPostprocessing = 0;
		};
		6D87D0221C3C46770039896F /* Resources */ = {
			isa = PBXResourcesBuildPhase;
			buildActionMask = 2147483647;
			files = (
			);
			runOnlyForDeploymentPostprocessing = 0;
		};
/* End PBXResourcesBuildPhase section */

/* Begin PBXSourcesBuildPhase section */
		6D87CFFC1C3C46770039896F /* Sources */ = {
			isa = PBXSourcesBuildPhase;
			buildActionMask = 2147483647;
			files = (
				6D87D00B1C3C46770039896F /* ViewController.m in Sources */,
				6D87D0081C3C46770039896F /* AppDelegate.m in Sources */,
				6D87D0051C3C46770039896F /* main.m in Sources */,
			);
			runOnlyForDeploymentPostprocessing = 0;
		};
		6D87D0151C3C46770039896F /* Sources */ = {
			isa = PBXSourcesBuildPhase;
			buildActionMask = 2147483647;
			files = (
				6D87D01E1C3C46770039896F /* AddingGravityTests.m in Sources */,
			);
			runOnlyForDeploymentPostprocessing = 0;
		};
		6D87D0201C3C46770039896F /* Sources */ = {
			isa = PBXSourcesBuildPhase;
			buildActionMask = 2147483647;
			files = (
				6D87D0291C3C46770039896F /* AddingGravityUITests.m in Sources */,
			);
			runOnlyForDeploymentPostprocessing = 0;
		};
/* End PBXSourcesBuildPhase section */

/* Begin PBXTargetDependency section */
		6D87D01B1C3C46770039896F /* PBXTargetDependency */ = {
			isa = PBXTargetDependency;
			target = 6D87CFFF1C3C46770039896F /* AddingGravity */;
			targetProxy = 6D87D01A1C3C46770039896F /* PBXContainerItemProxy */;
		};
		6D87D0261C3C46770039896F /* PBXTargetDependency */ = {
			isa = PBXTargetDependency;
			target = 6D87CFFF1C3C46770039896F /* AddingGravity */;
			targetProxy = 6D87D0251C3C46770039896F /* PBXContainerItemProxy */;
		};
/* End PBXTargetDependency section */

/* Begin PBXVariantGroup section */
		6D87D00C1C3C46770039896F /* Main.storyboard */ = {
			isa = PBXVariantGroup;
			children = (
				6D87D00D1C3C46770039896F /* Base */,
			);
			name = Main.storyboard;
			sourceTree = "<group>";
		};
		6D87D0111C3C46770039896F /* LaunchScreen.storyboard */ = {
			isa = PBXVariantGroup;
			children = (
				6D87D0121C3C46770039896F /* Base */,
			);
			name = LaunchScreen.storyboard;
			sourceTree = "<group>";
		};
/* End PBXVariantGroup section */

/* Begin XCBuildConfiguration section */
		6D87D02B1C3C46770039896F /* Debug */ = {
			isa = XCBuildConfiguration;
			buildSettings = {
				ALWAYS_SEARCH_USER_PATHS = NO;
				CLANG_CXX_LANGUAGE_STANDARD = "gnu++0x";
				CLANG_CXX_LIBRARY = "libc++";
				CLANG_ENABLE_MODULES = YES;
				CLANG_ENABLE_OBJC_ARC = YES;
				CLANG_WARN_BOOL_CONVERSION = YES;
				CLANG_WARN_CONSTANT_CONVERSION = YES;
				CLANG_WARN_DIRECT_OBJC_ISA_USAGE = YES_ERROR;
				CLANG_WARN_EMPTY_BODY = YES;
				CLANG_WARN_ENUM_CONVERSION = YES;
				CLANG_WARN_INT_CONVERSION = YES;
				CLANG_WARN_OBJC_ROOT_CLASS = YES_ERROR;
				CLANG_WARN_UNREACHABLE_CODE = YES;
				CLANG_WARN__DUPLICATE_METHOD_MATCH = YES;
				"CODE_SIGN_IDENTITY[sdk=iphoneos*]" = "iPhone Developer";
				COPY_PHASE_STRIP = NO;
				DEBUG_INFORMATION_FORMAT = dwarf;
				ENABLE_STRICT_OBJC_MSGSEND = YES;
				ENABLE_TESTABILITY = YES;
				GCC_C_LANGUAGE_STANDARD = gnu99;
				GCC_DYNAMIC_NO_PIC = NO;
				GCC_NO_COMMON_BLOCKS = YES;
				GCC_OPTIMIZATION_LEVEL = 0;
				GCC_PREPROCESSOR_DEFINITIONS = (
					"DEBUG=1",
					"$(inherited)",
				);
				GCC_WARN_64_TO_32_BIT_CONVERSION = YES;
				GCC_WARN_ABOUT_RETURN_TYPE = YES_ERROR;
				GCC_WARN_UNDECLARED_SELECTOR = YES;
				GCC_WARN_UNINITIALIZED_AUTOS = YES_AGGRESSIVE;
				GCC_WARN_UNUSED_FUNCTION = YES;
				GCC_WARN_UNUSED_VARIABLE = YES;
				IPHONEOS_DEPLOYMENT_TARGET = 9.2;
				MTL_ENABLE_DEBUG_INFO = YES;
				ONLY_ACTIVE_ARCH = YES;
				SDKROOT = iphoneos;
			};
			name = Debug;
		};
		6D87D02C1C3C46770039896F /* Release */ = {
			isa = XCBuildConfiguration;
			buildSettings = {
				ALWAYS_SEARCH_USER_PATHS = NO;
				CLANG_CXX_LANGUAGE_STANDARD = "gnu++0x";
				CLANG_CXX_LIBRARY = "libc++";
				CLANG_ENABLE_MODULES = YES;
				CLANG_ENABLE_OBJC_ARC = YES;
				CLANG_WARN_BOOL_CONVERSION = YES;
				CLANG_WARN_CONSTANT_CONVERSION = YES;
				CLANG_WARN_DIRECT_OBJC_ISA_USAGE = YES_ERROR;
				CLANG_WARN_EMPTY_BODY = YES;
				CLANG_WARN_ENUM_CONVERSION = YES;
				CLANG_WARN_INT_CONVERSION = YES;
				CLANG_WARN_OBJC_ROOT_CLASS = YES_ERROR;
				CLANG_WARN_UNREACHABLE_CODE = YES;
				CLANG_WARN__DUPLICATE_METHOD_MATCH = YES;
				"CODE_SIGN_IDENTITY[sdk=iphoneos*]" = "iPhone Developer";
				COPY_PHASE_STRIP = NO;
				DEBUG_INFORMATION_FORMAT = "dwarf-with-dsym";
				ENABLE_NS_ASSERTIONS = NO;
				ENABLE_STRICT_OBJC_MSGSEND = YES;
				GCC_C_LANGUAGE_STANDARD = gnu99;
				GCC_NO_COMMON_BLOCKS = YES;
				GCC_WARN_64_TO_32_BIT_CONVERSION = YES;
				GCC_WARN_ABOUT_RETURN_TYPE = YES_ERROR;
				GCC_WARN_UNDECLARED_SELECTOR = YES;
				GCC_WARN_UNINITIALIZED_AUTOS = YES_AGGRESSIVE;
				GCC_WARN_UNUSED_FUNCTION = YES;
				GCC_WARN_UNUSED_VARIABLE = YES;
				IPHONEOS_DEPLOYMENT_TARGET = 9.2;
				MTL_ENABLE_DEBUG_INFO = NO;
				SDKROOT = iphoneos;
				VALIDATE_PRODUCT = YES;
			};
			name = Release;
		};
		6D87D02E1C3C46770039896F /* Debug */ = {
			isa = XCBuildConfiguration;
			buildSettings = {
				ASSETCATALOG_COMPILER_APPICON_NAME = AppIcon;
				INFOPLIST_FILE = AddingGravity/Info.plist;
				LD_RUNPATH_SEARCH_PATHS = "$(inherited) @executable_path/Frameworks";
				PRODUCT_BUNDLE_IDENTIFIER = TCS.AddingGravity;
				PRODUCT_NAME = "$(TARGET_NAME)";
			};
			name = Debug;
		};
		6D87D02F1C3C46770039896F /* Release */ = {
			isa = XCBuildConfiguration;
			buildSettings = {
				ASSETCATALOG_COMPILER_APPICON_NAME = AppIcon;
				INFOPLIST_FILE = AddingGravity/Info.plist;
				LD_RUNPATH_SEARCH_PATHS = "$(inherited) @executable_path/Frameworks";
				PRODUCT_BUNDLE_IDENTIFIER = TCS.AddingGravity;
				PRODUCT_NAME = "$(TARGET_NAME)";
			};
			name = Release;
		};
		6D87D0311C3C46770039896F /* Debug */ = {
			isa = XCBuildConfiguration;
			buildSettings = {
				BUNDLE_LOADER = "$(TEST_HOST)";
				INFOPLIST_FILE = AddingGravityTests/Info.plist;
				LD_RUNPATH_SEARCH_PATHS = "$(inherited) @executable_path/Frameworks @loader_path/Frameworks";
				PRODUCT_BUNDLE_IDENTIFIER = TCS.AddingGravityTests;
				PRODUCT_NAME = "$(TARGET_NAME)";
				TEST_HOST = "$(BUILT_PRODUCTS_DIR)/AddingGravity.app/AddingGravity";
			};
			name = Debug;
		};
		6D87D0321C3C46770039896F /* Release */ = {
			isa = XCBuildConfiguration;
			buildSettings = {
				BUNDLE_LOADER = "$(TEST_HOST)";
				INFOPLIST_FILE = AddingGravityTests/Info.plist;
				LD_RUNPATH_SEARCH_PATHS = "$(inherited) @executable_path/Frameworks @loader_path/Frameworks";
				PRODUCT_BUNDLE_IDENTIFIER = TCS.AddingGravityTests;
				PRODUCT_NAME = "$(TARGET_NAME)";
				TEST_HOST = "$(BUILT_PRODUCTS_DIR)/AddingGravity.app/AddingGravity";
			};
			name = Release;
		};
		6D87D0341C3C46770039896F /* Debug */ = {
			isa = XCBuildConfiguration;
			buildSettings = {
				INFOPLIST_FILE = AddingGravityUITests/Info.plist;
				LD_RUNPATH_SEARCH_PATHS = "$(inherited) @executable_path/Frameworks @loader_path/Frameworks";
				PRODUCT_BUNDLE_IDENTIFIER = TCS.AddingGravityUITests;
				PRODUCT_NAME = "$(TARGET_NAME)";
				TEST_TARGET_NAME = AddingGravity;
				USES_XCTRUNNER = YES;
			};
			name = Debug;
		};
		6D87D0351C3C46770039896F /* Release */ = {
			isa = XCBuildConfiguration;
			buildSettings = {
				INFOPLIST_FILE = AddingGravityUITests/Info.plist;
				LD_RUNPATH_SEARCH_PATHS = "$(inherited) @executable_path/Frameworks @loader_path/Frameworks";
				PRODUCT_BUNDLE_IDENTIFIER = TCS.AddingGravityUITests;
				PRODUCT_NAME = "$(TARGET_NAME)";
				TEST_TARGET_NAME = AddingGravity;
				USES_XCTRUNNER = YES;
			};
			name = Release;
		};
/* End XCBuildConfiguration section */

/* Begin XCConfigurationList section */
		6D87CFFB1C3C46770039896F /* Build configuration list for PBXProject "AddingGravity" */ = {
			isa = XCConfigurationList;
			buildConfigurations = (
				6D87D02B1C3C46770039896F /* Debug */,
				6D87D02C1C3C46770039896F /* Release */,
			);
			defaultConfigurationIsVisible = 0;
			defaultConfigurationName = Release;
		};
		6D87D02D1C3C46770039896F /* Build configuration list for PBXNativeTarget "AddingGravity" */ = {
			isa = XCConfigurationList;
			buildConfigurations = (
				6D87D02E1C3C46770039896F /* Debug */,
				6D87D02F1C3C46770039896F /* Release */,
			);
			defaultConfigurationIsVisible = 0;
		};
		6D87D0301C3C46770039896F /* Build configuration list for PBXNativeTarget "AddingGravityTests" */ = {
			isa = XCConfigurationList;
			buildConfigurations = (
				6D87D0311C3C46770039896F /* Debug */,
				6D87D0321C3C46770039896F /* Release */,
			);
			defaultConfigurationIsVisible = 0;
		};
		6D87D0331C3C46770039896F /* Build configuration list for PBXNativeTarget "AddingGravityUITests" */ = {
			isa = XCConfigurationList;
			buildConfigurations = (
				6D87D0341C3C46770039896F /* Debug */,
				6D87D0351C3C46770039896F /* Release */,
			);
			defaultConfigurationIsVisible = 0;
		};
/* End XCConfigurationList section */
	};
	rootObject = 6D87CFF81C3C46770039896F /* Project object */;
}
