// !$*UTF8*$!
{
	archiveVersion = 1;
	classes = {
	};
	objectVersion = 46;
	objects = {

/* Begin PBXBuildFile section */
		6DC28DD31C09F32100250F88 /* main.m in Sources */ = {isa = PBXBuildFile; fileRef = 6DC28DD21C09F32100250F88 /* main.m */; };
		6DC28DD61C09F32100250F88 /* AppDelegate.m in Sources */ = {isa = PBXBuildFile; fileRef = 6DC28DD51C09F32100250F88 /* AppDelegate.m */; };
		6DC28DD91C09F32100250F88 /* ViewController.m in Sources */ = {isa = PBXBuildFile; fileRef = 6DC28DD81C09F32100250F88 /* ViewController.m */; };
		6DC28DDC1C09F32100250F88 /* Main.storyboard in Resources */ = {isa = PBXBuildFile; fileRef = 6DC28DDA1C09F32100250F88 /* Main.storyboard */; };
		6DC28DDE1C09F32100250F88 /* Images.xcassets in Resources */ = {isa = PBXBuildFile; fileRef = 6DC28DDD1C09F32100250F88 /* Images.xcassets */; };
		6DC28DE11C09F32100250F88 /* LaunchScreen.xib in Resources */ = {isa = PBXBuildFile; fileRef = 6DC28DDF1C09F32100250F88 /* LaunchScreen.xib */; };
		6DC28DED1C09F32100250F88 /* NSUserDefaultDemoTests.m in Sources */ = {isa = PBXBuildFile; fileRef = 6DC28DEC1C09F32100250F88 /* NSUserDefaultDemoTests.m */; };
		6DC28DF81C09F39400250F88 /* DetailsViewController.m in Sources */ = {isa = PBXBuildFile; fileRef = 6DC28DF71C09F39400250F88 /* DetailsViewController.m */; };
		6DC28DFB1C0A11BF00250F88 /* Saveclass.m in Sources */ = {isa = PBXBuildFile; fileRef = 6DC28DFA1C0A11BF00250F88 /* Saveclass.m */; };
/* End PBXBuildFile section */

/* Begin PBXContainerItemProxy section */
		6DC28DE71C09F32100250F88 /* PBXContainerItemProxy */ = {
			isa = PBXContainerItemProxy;
			containerPortal = 6DC28DC51C09F32100250F88 /* Project object */;
			proxyType = 1;
			remoteGlobalIDString = 6DC28DCC1C09F32100250F88;
			remoteInfo = NSUserDefaultDemo;
		};
/* End PBXContainerItemProxy section */

/* Begin PBXFileReference section */
		6DC28DCD1C09F32100250F88 /* NSUserDefaultDemo.app */ = {isa = PBXFileReference; explicitFileType = wrapper.application; includeInIndex = 0; path = NSUserDefaultDemo.app; sourceTree = BUILT_PRODUCTS_DIR; };
		6DC28DD11C09F32100250F88 /* Info.plist */ = {isa = PBXFileReference; lastKnownFileType = text.plist.xml; path = Info.plist; sourceTree = "<group>"; };
		6DC28DD21C09F32100250F88 /* main.m */ = {isa = PBXFileReference; lastKnownFileType = sourcecode.c.objc; path = main.m; sourceTree = "<group>"; };
		6DC28DD41C09F32100250F88 /* AppDelegate.h */ = {isa = PBXFileReference; lastKnownFileType = sourcecode.c.h; path = AppDelegate.h; sourceTree = "<group>"; };
		6DC28DD51C09F32100250F88 /* AppDelegate.m */ = {isa = PBXFileReference; lastKnownFileType = sourcecode.c.objc; path = AppDelegate.m; sourceTree = "<group>"; };
		6DC28DD71C09F32100250F88 /* ViewController.h */ = {isa = PBXFileReference; lastKnownFileType = sourcecode.c.h; path = ViewController.h; sourceTree = "<group>"; };
		6DC28DD81C09F32100250F88 /* ViewController.m */ = {isa = PBXFileReference; lastKnownFileType = sourcecode.c.objc; path = ViewController.m; sourceTree = "<group>"; };
		6DC28DDB1C09F32100250F88 /* Base */ = {isa = PBXFileReference; lastKnownFileType = file.storyboard; name = Base; path = Base.lproj/Main.storyboard; sourceTree = "<group>"; };
		6DC28DDD1C09F32100250F88 /* Images.xcassets */ = {isa = PBXFileReference; lastKnownFileType = folder.assetcatalog; path = Images.xcassets; sourceTree = "<group>"; };
		6DC28DE01C09F32100250F88 /* Base */ = {isa = PBXFileReference; lastKnownFileType = file.xib; name = Base; path = Base.lproj/LaunchScreen.xib; sourceTree = "<group>"; };
		6DC28DE61C09F32100250F88 /* NSUserDefaultDemoTests.xctest */ = {isa = PBXFileReference; explicitFileType = wrapper.cfbundle; includeInIndex = 0; path = NSUserDefaultDemoTests.xctest; sourceTree = BUILT_PRODUCTS_DIR; };
		6DC28DEB1C09F32100250F88 /* Info.plist */ = {isa = PBXFileReference; lastKnownFileType = text.plist.xml; path = Info.plist; sourceTree = "<group>"; };
		6DC28DEC1C09F32100250F88 /* NSUserDefaultDemoTests.m */ = {isa = PBXFileReference; lastKnownFileType = sourcecode.c.objc; path = NSUserDefaultDemoTests.m; sourceTree = "<group>"; };
		6DC28DF61C09F39400250F88 /* DetailsViewController.h */ = {isa = PBXFileReference; fileEncoding = 4; lastKnownFileType = sourcecode.c.h; path = DetailsViewController.h; sourceTree = "<group>"; };
		6DC28DF71C09F39400250F88 /* DetailsViewController.m */ = {isa = PBXFileReference; fileEncoding = 4; lastKnownFileType = sourcecode.c.objc; path = DetailsViewController.m; sourceTree = "<group>"; };
		6DC28DF91C0A11BF00250F88 /* Saveclass.h */ = {isa = PBXFileReference; fileEncoding = 4; lastKnownFileType = sourcecode.c.h; path = Saveclass.h; sourceTree = "<group>"; };
		6DC28DFA1C0A11BF00250F88 /* Saveclass.m */ = {isa = PBXFileReference; fileEncoding = 4; lastKnownFileType = sourcecode.c.objc; path = Saveclass.m; sourceTree = "<group>"; };
/* End PBXFileReference section */

/* Begin PBXFrameworksBuildPhase section */
		6DC28DCA1C09F32100250F88 /* Frameworks */ = {
			isa = PBXFrameworksBuildPhase;
			buildActionMask = 2147483647;
			files = (
			);
			runOnlyForDeploymentPostprocessing = 0;
		};
		6DC28DE31C09F32100250F88 /* Frameworks */ = {
			isa = PBXFrameworksBuildPhase;
			buildActionMask = 2147483647;
			files = (
			);
			runOnlyForDeploymentPostprocessing = 0;
		};
/* End PBXFrameworksBuildPhase section */

/* Begin PBXGroup section */
		6DC28DC41C09F32100250F88 = {
			isa = PBXGroup;
			children = (
				6DC28DCF1C09F32100250F88 /* NSUserDefaultDemo */,
				6DC28DE91C09F32100250F88 /* NSUserDefaultDemoTests */,
				6DC28DCE1C09F32100250F88 /* Products */,
			);
			sourceTree = "<group>";
		};
		6DC28DCE1C09F32100250F88 /* Products */ = {
			isa = PBXGroup;
			children = (
				6DC28DCD1C09F32100250F88 /* NSUserDefaultDemo.app */,
				6DC28DE61C09F32100250F88 /* NSUserDefaultDemoTests.xctest */,
			);
			name = Products;
			sourceTree = "<group>";
		};
		6DC28DCF1C09F32100250F88 /* NSUserDefaultDemo */ = {
			isa = PBXGroup;
			children = (
				6DC28DD41C09F32100250F88 /* AppDelegate.h */,
				6DC28DD51C09F32100250F88 /* AppDelegate.m */,
				6DC28DD71C09F32100250F88 /* ViewController.h */,
				6DC28DD81C09F32100250F88 /* ViewController.m */,
				6DC28DF91C0A11BF00250F88 /* Saveclass.h */,
				6DC28DFA1C0A11BF00250F88 /* Saveclass.m */,
				6DC28DDA1C09F32100250F88 /* Main.storyboard */,
				6DC28DDD1C09F32100250F88 /* Images.xcassets */,
				6DC28DDF1C09F32100250F88 /* LaunchScreen.xib */,
				6DC28DD01C09F32100250F88 /* Supporting Files */,
				6DC28DF61C09F39400250F88 /* DetailsViewController.h */,
				6DC28DF71C09F39400250F88 /* DetailsViewController.m */,
			);
			path = NSUserDefaultDemo;
			sourceTree = "<group>";
		};
		6DC28DD01C09F32100250F88 /* Supporting Files */ = {
			isa = PBXGroup;
			children = (
				6DC28DD11C09F32100250F88 /* Info.plist */,
				6DC28DD21C09F32100250F88 /* main.m */,
			);
			name = "Supporting Files";
			sourceTree = "<group>";
		};
		6DC28DE91C09F32100250F88 /* NSUserDefaultDemoTests */ = {
			isa = PBXGroup;
			children = (
				6DC28DEC1C09F32100250F88 /* NSUserDefaultDemoTests.m */,
				6DC28DEA1C09F32100250F88 /* Supporting Files */,
			);
			path = NSUserDefaultDemoTests;
			sourceTree = "<group>";
		};
		6DC28DEA1C09F32100250F88 /* Supporting Files */ = {
			isa = PBXGroup;
			children = (
				6DC28DEB1C09F32100250F88 /* Info.plist */,
			);
			name = "Supporting Files";
			sourceTree = "<group>";
		};
/* End PBXGroup section */

/* Begin PBXNativeTarget section */
		6DC28DCC1C09F32100250F88 /* NSUserDefaultDemo */ = {
			isa = PBXNativeTarget;
			buildConfigurationList = 6DC28DF01C09F32100250F88 /* Build configuration list for PBXNativeTarget "NSUserDefaultDemo" */;
			buildPhases = (
				6DC28DC91C09F32100250F88 /* Sources */,
				6DC28DCA1C09F32100250F88 /* Frameworks */,
				6DC28DCB1C09F32100250F88 /* Resources */,
			);
			buildRules = (
			);
			dependencies = (
			);
			name = NSUserDefaultDemo;
			productName = NSUserDefaultDemo;
			productReference = 6DC28DCD1C09F32100250F88 /* NSUserDefaultDemo.app */;
			productType = "com.apple.product-type.application";
		};
		6DC28DE51C09F32100250F88 /* NSUserDefaultDemoTests */ = {
			isa = PBXNativeTarget;
			buildConfigurationList = 6DC28DF31C09F32100250F88 /* Build configuration list for PBXNativeTarget "NSUserDefaultDemoTests" */;
			buildPhases = (
				6DC28DE21C09F32100250F88 /* Sources */,
				6DC28DE31C09F32100250F88 /* Frameworks */,
				6DC28DE41C09F32100250F88 /* Resources */,
			);
			buildRules = (
			);
			dependencies = (
				6DC28DE81C09F32100250F88 /* PBXTargetDependency */,
			);
			name = NSUserDefaultDemoTests;
			productName = NSUserDefaultDemoTests;
			productReference = 6DC28DE61C09F32100250F88 /* NSUserDefaultDemoTests.xctest */;
			productType = "com.apple.product-type.bundle.unit-test";
		};
/* End PBXNativeTarget section */

/* Begin PBXProject section */
		6DC28DC51C09F32100250F88 /* Project object */ = {
			isa = PBXProject;
			attributes = {
				LastUpgradeCheck = 0610;
				ORGANIZATIONNAME = "niraj paul";
				TargetAttributes = {
					6DC28DCC1C09F32100250F88 = {
						CreatedOnToolsVersion = 6.1.1;
					};
					6DC28DE51C09F32100250F88 = {
						CreatedOnToolsVersion = 6.1.1;
						TestTargetID = 6DC28DCC1C09F32100250F88;
					};
				};
			};
			buildConfigurationList = 6DC28DC81C09F32100250F88 /* Build configuration list for PBXProject "NSUserDefaultDemo" */;
			compatibilityVersion = "Xcode 3.2";
			developmentRegion = English;
			hasScannedForEncodings = 0;
			knownRegions = (
				en,
				Base,
			);
			mainGroup = 6DC28DC41C09F32100250F88;
			productRefGroup = 6DC28DCE1C09F32100250F88 /* Products */;
			projectDirPath = "";
			projectRoot = "";
			targets = (
				6DC28DCC1C09F32100250F88 /* NSUserDefaultDemo */,
				6DC28DE51C09F32100250F88 /* NSUserDefaultDemoTests */,
			);
		};
/* End PBXProject section */

/* Begin PBXResourcesBuildPhase section */
		6DC28DCB1C09F32100250F88 /* Resources */ = {
			isa = PBXResourcesBuildPhase;
			buildActionMask = 2147483647;
			files = (
				6DC28DDC1C09F32100250F88 /* Main.storyboard in Resources */,
				6DC28DE11C09F32100250F88 /* LaunchScreen.xib in Resources */,
				6DC28DDE1C09F32100250F88 /* Images.xcassets in Resources */,
			);
			runOnlyForDeploymentPostprocessing = 0;
		};
		6DC28DE41C09F32100250F88 /* Resources */ = {
			isa = PBXResourcesBuildPhase;
			buildActionMask = 2147483647;
			files = (
			);
			runOnlyForDeploymentPostprocessing = 0;
		};
/* End PBXResourcesBuildPhase section */

/* Begin PBXSourcesBuildPhase section */
		6DC28DC91C09F32100250F88 /* Sources */ = {
			isa = PBXSourcesBuildPhase;
			buildActionMask = 2147483647;
			files = (
				6DC28DD91C09F32100250F88 /* ViewController.m in Sources */,
				6DC28DD61C09F32100250F88 /* AppDelegate.m in Sources */,
				6DC28DD31C09F32100250F88 /* main.m in Sources */,
				6DC28DFB1C0A11BF00250F88 /* Saveclass.m in Sources */,
				6DC28DF81C09F39400250F88 /* DetailsViewController.m in Sources */,
			);
			runOnlyForDeploymentPostprocessing = 0;
		};
		6DC28DE21C09F32100250F88 /* Sources */ = {
			isa = PBXSourcesBuildPhase;
			buildActionMask = 2147483647;
			files = (
				6DC28DED1C09F32100250F88 /* NSUserDefaultDemoTests.m in Sources */,
			);
			runOnlyForDeploymentPostprocessing = 0;
		};
/* End PBXSourcesBuildPhase section */

/* Begin PBXTargetDependency section */
		6DC28DE81C09F32100250F88 /* PBXTargetDependency */ = {
			isa = PBXTargetDependency;
			target = 6DC28DCC1C09F32100250F88 /* NSUserDefaultDemo */;
			targetProxy = 6DC28DE71C09F32100250F88 /* PBXContainerItemProxy */;
		};
/* End PBXTargetDependency section */

/* Begin PBXVariantGroup section */
		6DC28DDA1C09F32100250F88 /* Main.storyboard */ = {
			isa = PBXVariantGroup;
			children = (
				6DC28DDB1C09F32100250F88 /* Base */,
			);
			name = Main.storyboard;
			sourceTree = "<group>";
		};
		6DC28DDF1C09F32100250F88 /* LaunchScreen.xib */ = {
			isa = PBXVariantGroup;
			children = (
				6DC28DE01C09F32100250F88 /* Base */,
			);
			name = LaunchScreen.xib;
			sourceTree = "<group>";
		};
/* End PBXVariantGroup section */

/* Begin XCBuildConfiguration section */
		6DC28DEE1C09F32100250F88 /* Debug */ = {
			isa = XCBuildConfiguration;
			buildSettings = {
				ALWAYS_SEARCH_USER_PATHS = NO;
				CLANG_CXX_LANGUAGE_STANDARD = "gnu++0x";
				CLANG_CXX_LIBRARY = "libc++";
				CLANG_ENABLE_MODULES = YES;
				CLANG_ENABLE_OBJC_ARC = YES;
				CLANG_WARN_BOOL_CONVERSION = YES;
				CLANG_WARN_CONSTANT_CONVERSION = YES;
				CLANG_WARN_DIRECT_OBJC_ISA_USAGE = YES_ERROR;
				CLANG_WARN_EMPTY_BODY = YES;
				CLANG_WARN_ENUM_CONVERSION = YES;
				CLANG_WARN_INT_CONVERSION = YES;
				CLANG_WARN_OBJC_ROOT_CLASS = YES_ERROR;
				CLANG_WARN_UNREACHABLE_CODE = YES;
				CLANG_WARN__DUPLICATE_METHOD_MATCH = YES;
				"CODE_SIGN_IDENTITY[sdk=iphoneos*]" = "iPhone Developer";
				COPY_PHASE_STRIP = NO;
				ENABLE_STRICT_OBJC_MSGSEND = YES;
				GCC_C_LANGUAGE_STANDARD = gnu99;
				GCC_DYNAMIC_NO_PIC = NO;
				GCC_OPTIMIZATION_LEVEL = 0;
				GCC_PREPROCESSOR_DEFINITIONS = (
					"DEBUG=1",
					"$(inherited)",
				);
				GCC_SYMBOLS_PRIVATE_EXTERN = NO;
				GCC_WARN_64_TO_32_BIT_CONVERSION = YES;
				GCC_WARN_ABOUT_RETURN_TYPE = YES_ERROR;
				GCC_WARN_UNDECLARED_SELECTOR = YES;
				GCC_WARN_UNINITIALIZED_AUTOS = YES_AGGRESSIVE;
				GCC_WARN_UNUSED_FUNCTION = YES;
				GCC_WARN_UNUSED_VARIABLE = YES;
				IPHONEOS_DEPLOYMENT_TARGET = 8.1;
				MTL_ENABLE_DEBUG_INFO = YES;
				ONLY_ACTIVE_ARCH = YES;
				SDKROOT = iphoneos;
			};
			name = Debug;
		};
		6DC28DEF1C09F32100250F88 /* Release */ = {
			isa = XCBuildConfiguration;
			buildSettings = {
				ALWAYS_SEARCH_USER_PATHS = NO;
				CLANG_CXX_LANGUAGE_STANDARD = "gnu++0x";
				CLANG_CXX_LIBRARY = "libc++";
				CLANG_ENABLE_MODULES = YES;
				CLANG_ENABLE_OBJC_ARC = YES;
				CLANG_WARN_BOOL_CONVERSION = YES;
				CLANG_WARN_CONSTANT_CONVERSION = YES;
				CLANG_WARN_DIRECT_OBJC_ISA_USAGE = YES_ERROR;
				CLANG_WARN_EMPTY_BODY = YES;
				CLANG_WARN_ENUM_CONVERSION = YES;
				CLANG_WARN_INT_CONVERSION = YES;
				CLANG_WARN_OBJC_ROOT_CLASS = YES_ERROR;
				CLANG_WARN_UNREACHABLE_CODE = YES;
				CLANG_WARN__DUPLICATE_METHOD_MATCH = YES;
				"CODE_SIGN_IDENTITY[sdk=iphoneos*]" = "iPhone Developer";
				COPY_PHASE_STRIP = YES;
				ENABLE_NS_ASSERTIONS = NO;
				ENABLE_STRICT_OBJC_MSGSEND = YES;
				GCC_C_LANGUAGE_STANDARD = gnu99;
				GCC_WARN_64_TO_32_BIT_CONVERSION = YES;
				GCC_WARN_ABOUT_RETURN_TYPE = YES_ERROR;
				GCC_WARN_UNDECLARED_SELECTOR = YES;
				GCC_WARN_UNINITIALIZED_AUTOS = YES_AGGRESSIVE;
				GCC_WARN_UNUSED_FUNCTION = YES;
				GCC_WARN_UNUSED_VARIABLE = YES;
				IPHONEOS_DEPLOYMENT_TARGET = 8.1;
				MTL_ENABLE_DEBUG_INFO = NO;
				SDKROOT = iphoneos;
				VALIDATE_PRODUCT = YES;
			};
			name = Release;
		};
		6DC28DF11C09F32100250F88 /* Debug */ = {
			isa = XCBuildConfiguration;
			buildSettings = {
				ASSETCATALOG_COMPILER_APPICON_NAME = AppIcon;
				INFOPLIST_FILE = NSUserDefaultDemo/Info.plist;
				LD_RUNPATH_SEARCH_PATHS = "$(inherited) @executable_path/Frameworks";
				PRODUCT_NAME = "$(TARGET_NAME)";
			};
			name = Debug;
		};
		6DC28DF21C09F32100250F88 /* Release */ = {
			isa = XCBuildConfiguration;
			buildSettings = {
				ASSETCATALOG_COMPILER_APPICON_NAME = AppIcon;
				INFOPLIST_FILE = NSUserDefaultDemo/Info.plist;
				LD_RUNPATH_SEARCH_PATHS = "$(inherited) @executable_path/Frameworks";
				PRODUCT_NAME = "$(TARGET_NAME)";
			};
			name = Release;
		};
		6DC28DF41C09F32100250F88 /* Debug */ = {
			isa = XCBuildConfiguration;
			buildSettings = {
				BUNDLE_LOADER = "$(TEST_HOST)";
				FRAMEWORK_SEARCH_PATHS = (
					"$(SDKROOT)/Developer/Library/Frameworks",
					"$(inherited)",
				);
				GCC_PREPROCESSOR_DEFINITIONS = (
					"DEBUG=1",
					"$(inherited)",
				);
				INFOPLIST_FILE = NSUserDefaultDemoTests/Info.plist;
				LD_RUNPATH_SEARCH_PATHS = "$(inherited) @executable_path/Frameworks @loader_path/Frameworks";
				PRODUCT_NAME = "$(TARGET_NAME)";
				TEST_HOST = "$(BUILT_PRODUCTS_DIR)/NSUserDefaultDemo.app/NSUserDefaultDemo";
			};
			name = Debug;
		};
		6DC28DF51C09F32100250F88 /* Release */ = {
			isa = XCBuildConfiguration;
			buildSettings = {
				BUNDLE_LOADER = "$(TEST_HOST)";
				FRAMEWORK_SEARCH_PATHS = (
					"$(SDKROOT)/Developer/Library/Frameworks",
					"$(inherited)",
				);
				INFOPLIST_FILE = NSUserDefaultDemoTests/Info.plist;
				LD_RUNPATH_SEARCH_PATHS = "$(inherited) @executable_path/Frameworks @loader_path/Frameworks";
				PRODUCT_NAME = "$(TARGET_NAME)";
				TEST_HOST = "$(BUILT_PRODUCTS_DIR)/NSUserDefaultDemo.app/NSUserDefaultDemo";
			};
			name = Release;
		};
/* End XCBuildConfiguration section */

/* Begin XCConfigurationList section */
		6DC28DC81C09F32100250F88 /* Build configuration list for PBXProject "NSUserDefaultDemo" */ = {
			isa = XCConfigurationList;
			buildConfigurations = (
				6DC28DEE1C09F32100250F88 /* Debug */,
				6DC28DEF1C09F32100250F88 /* Release */,
			);
			defaultConfigurationIsVisible = 0;
			defaultConfigurationName = Release;
		};
		6DC28DF01C09F32100250F88 /* Build configuration list for PBXNativeTarget "NSUserDefaultDemo" */ = {
			isa = XCConfigurationList;
			buildConfigurations = (
				6DC28DF11C09F32100250F88 /* Debug */,
				6DC28DF21C09F32100250F88 /* Release */,
			);
			defaultConfigurationIsVisible = 0;
		};
		6DC28DF31C09F32100250F88 /* Build configuration list for PBXNativeTarget "NSUserDefaultDemoTests" */ = {
			isa = XCConfigurationList;
			buildConfigurations = (
				6DC28DF41C09F32100250F88 /* Debug */,
				6DC28DF51C09F32100250F88 /* Release */,
			);
			defaultConfigurationIsVisible = 0;
		};
/* End XCConfigurationList section */
	};
	rootObject = 6DC28DC51C09F32100250F88 /* Project object */;
}
